
Microsoft Visual Studio Solution File, Format Version 12.00
# Visual Studio Version 16
VisualStudioVersion = 16.0.30413.136
MinimumVisualStudioVersion = 10.0.40219.1
Project("{FAE04EC0-301F-11D3-BF4B-00C04F79EFBC}") = "ArbolBinario", "ArbolBinario.csproj", "{3901084C-356F-4257-8264-EF0CC4FE7470}"
EndProject
Global
	GlobalSection(SolutionConfigurationPlatforms) = preSolution
		Debug|Any CPU = Debug|Any CPU
		Release|Any CPU = Release|Any CPU
	EndGlobalSection
	GlobalSection(ProjectConfigurationPlatforms) = postSolution
		{3901084C-356F-4257-8264-EF0CC4FE7470}.Debug|Any CPU.ActiveCfg = Debug|Any CPU
		{3901084C-356F-4257-8264-EF0CC4FE7470}.Debug|Any CPU.Build.0 = Debug|Any CPU
		{3901084C-356F-4257-8264-EF0CC4FE7470}.Release|Any CPU.ActiveCfg = Release|Any CPU
		{3901084C-356F-4257-8264-EF0CC4FE7470}.Release|Any CPU.Build.0 = Release|Any CPU
	EndGlobalSection
	GlobalSection(SolutionProperties) = preSolution
		HideSolutionNode = FALSE
	EndGlobalSection
	GlobalSection(ExtensibilityGlobals) = postSolution
		SolutionGuid = {309ECFDD-2E6C-452F-A0D2-5700366B1C73}
	EndGlobalSection
EndGlobal
